PODS:
  - Alamofire (5.4.0)
  - Kingfisher (5.15.8):
    - Kingfisher/Core (= 5.15.8)
  - Kingfisher/Core (5.15.8)
  - ProgressHUD (2.70)
  - SDWebImage (5.10.0):
    - SDWebImage/Core (= 5.10.0)
  - SDWebImage/Core (5.10.0)

DEPENDENCIES:
  - Alamofire
  - Kingfisher
  - ProgressHUD
  - SDWebImage (~> 5.0)

SPEC REPOS:
  trunk:
    - Alamofire
    - Kingfisher
    - ProgressHUD
    - SDWebImage

SPEC CHECKSUMS:
  Alamofire: 3b6a534a3df22db367e4dedeeca73d1ddfcf0e2f
  Kingfisher: a3c03d702433fa6cfedabb2bddbe076fb8f2e902
  ProgressHUD: e603e8b8622c47d8818b9fb38b3cfe9d3e7ca421
  SDWebImage: 9169792e9eec3e45bba2a0c02f74bf8bd922d1ee

PODFILE CHECKSUM: e57bdf9e94a5bc71e06b06ea9243e4bcd4b95ab1

COCOAPODS: 1.10.0
